// !$*UTF8*$!
{
	archiveVersion = 1;
	classes = {
	};
	objectVersion = 50;
	objects = {

/* Begin PBXBuildFile section */
		461016C32602975100D2CC43 /* PhotosListTableView.swift in Sources */ = {isa = PBXBuildFile; fileRef = 461016C22602975100D2CC43 /* PhotosListTableView.swift */; };
		461016C826029A1200D2CC43 /* PhotoViewModel.swift in Sources */ = {isa = PBXBuildFile; fileRef = 461016C726029A1200D2CC43 /* PhotoViewModel.swift */; };
		4639D6A22607D7850024A0DF /* DocumentsHelper.swift in Sources */ = {isa = PBXBuildFile; fileRef = 4639D6A12607D7850024A0DF /* DocumentsHelper.swift */; };
		4639D6B02607E9210024A0DF /* ImageScrollView.swift in Sources */ = {isa = PBXBuildFile; fileRef = 4639D6AF2607E9210024A0DF /* ImageScrollView.swift */; };
		4648E5E825FA4DAE00DC1703 /* AppDelegate.swift in Sources */ = {isa = PBXBuildFile; fileRef = 4648E5E725FA4DAE00DC1703 /* AppDelegate.swift */; };
		4648E5EA25FA4DAE00DC1703 /* SceneDelegate.swift in Sources */ = {isa = PBXBuildFile; fileRef = 4648E5E925FA4DAE00DC1703 /* SceneDelegate.swift */; };
		4648E5EF25FA4DAE00DC1703 /* Main.storyboard in Resources */ = {isa = PBXBuildFile; fileRef = 4648E5ED25FA4DAE00DC1703 /* Main.storyboard */; };
		4648E5F225FA4DAE00DC1703 /* Favorite_Memories.xcdatamodeld in Sources */ = {isa = PBXBuildFile; fileRef = 4648E5F025FA4DAE00DC1703 /* Favorite_Memories.xcdatamodeld */; };
		4648E5F425FA4DAF00DC1703 /* Assets.xcassets in Resources */ = {isa = PBXBuildFile; fileRef = 4648E5F325FA4DAF00DC1703 /* Assets.xcassets */; };
		4648E5F725FA4DAF00DC1703 /* LaunchScreen.storyboard in Resources */ = {isa = PBXBuildFile; fileRef = 4648E5F525FA4DAF00DC1703 /* LaunchScreen.storyboard */; };
		4648E60D25FA4DAF00DC1703 /* Favorite_MemoriesUITests.swift in Sources */ = {isa = PBXBuildFile; fileRef = 4648E60C25FA4DAF00DC1703 /* Favorite_MemoriesUITests.swift */; };
		4648E62525FA4E3300DC1703 /* WebService.swift in Sources */ = {isa = PBXBuildFile; fileRef = 4648E62425FA4E3300DC1703 /* WebService.swift */; };
		4648E62D25FA4F2D00DC1703 /* UIExtensions.swift in Sources */ = {isa = PBXBuildFile; fileRef = 4648E62C25FA4F2D00DC1703 /* UIExtensions.swift */; };
		4648E65F25FA5B0500DC1703 /* AlbumCell.swift in Sources */ = {isa = PBXBuildFile; fileRef = 4648E65E25FA5B0500DC1703 /* AlbumCell.swift */; };
		4648E66825FA5D7000DC1703 /* AlbumsCollection.swift in Sources */ = {isa = PBXBuildFile; fileRef = 4648E66725FA5D7000DC1703 /* AlbumsCollection.swift */; };
		4652582F2609D39B0024FA1B /* CoreDataCRUDTests.swift in Sources */ = {isa = PBXBuildFile; fileRef = 4652582E2609D39B0024FA1B /* CoreDataCRUDTests.swift */; };
		4653D19625FBA4CB00419205 /* DatabaseService.swift in Sources */ = {isa = PBXBuildFile; fileRef = 4653D19525FBA4CA00419205 /* DatabaseService.swift */; };
		4687541426076E2C000C9A95 /* PhotoView.swift in Sources */ = {isa = PBXBuildFile; fileRef = 4687541326076E2C000C9A95 /* PhotoView.swift */; };
		4695393C26091FF20071CF0E /* DatabaseServiceUnitTests.swift in Sources */ = {isa = PBXBuildFile; fileRef = 4695393B26091FF20071CF0E /* DatabaseServiceUnitTests.swift */; };
		469BEB3F26008C1900D61249 /* Album.xib in Resources */ = {isa = PBXBuildFile; fileRef = 469BEB3E26008C1900D61249 /* Album.xib */; };
		469BEB45260091D600D61249 /* AlbumViewModel.swift in Sources */ = {isa = PBXBuildFile; fileRef = 469BEB44260091D600D61249 /* AlbumViewModel.swift */; };
		469BEB6726009DB700D61249 /* WebServiceError.swift in Sources */ = {isa = PBXBuildFile; fileRef = 469BEB6626009DB700D61249 /* WebServiceError.swift */; };
		46A9C8E12604CFD800B2916C /* Albums+CoreDataClass.swift in Sources */ = {isa = PBXBuildFile; fileRef = 46A9C8DF2604CFD800B2916C /* Albums+CoreDataClass.swift */; };
		46A9C8E22604CFD800B2916C /* Albums+CoreDataProperties.swift in Sources */ = {isa = PBXBuildFile; fileRef = 46A9C8E02604CFD800B2916C /* Albums+CoreDataProperties.swift */; };
		46CCFE1C26029B73005F01EA /* Photos+CoreDataProperties.swift in Sources */ = {isa = PBXBuildFile; fileRef = 46CCFE1826029B73005F01EA /* Photos+CoreDataProperties.swift */; };
		46CCFE1D26029B73005F01EA /* Photos+CoreDataClass.swift in Sources */ = {isa = PBXBuildFile; fileRef = 46CCFE1926029B73005F01EA /* Photos+CoreDataClass.swift */; };
		46CCFE2626029C9B005F01EA /* Photo.xib in Resources */ = {isa = PBXBuildFile; fileRef = 46CCFE2526029C9B005F01EA /* Photo.xib */; };
		46CCFE2B26029DFE005F01EA /* PhotoCell.swift in Sources */ = {isa = PBXBuildFile; fileRef = 46CCFE2A26029DFE005F01EA /* PhotoCell.swift */; };
		46EEB5992608D54B00F99817 /* EmptyListView.swift in Sources */ = {isa = PBXBuildFile; fileRef = 46EEB5982608D54B00F99817 /* EmptyListView.swift */; };
		46EEB59E2608D5AB00F99817 /* EmptyList.xib in Resources */ = {isa = PBXBuildFile; fileRef = 46EEB59D2608D5AB00F99817 /* EmptyList.xib */; };
		46EEB5A62608DAB000F99817 /* Consts.swift in Sources */ = {isa = PBXBuildFile; fileRef = 46EEB5A52608DAB000F99817 /* Consts.swift */; };
/* End PBXBuildFile section */

/* Begin PBXContainerItemProxy section */
		4648E5FE25FA4DAF00DC1703 /* PBXContainerItemProxy */ = {
			isa = PBXContainerItemProxy;
			containerPortal = 4648E5DC25FA4DAE00DC1703 /* Project object */;
			proxyType = 1;
			remoteGlobalIDString = 4648E5E325FA4DAE00DC1703;
			remoteInfo = "Favorite Memories";
		};
		4648E60925FA4DAF00DC1703 /* PBXContainerItemProxy */ = {
			isa = PBXContainerItemProxy;
			containerPortal = 4648E5DC25FA4DAE00DC1703 /* Project object */;
			proxyType = 1;
			remoteGlobalIDString = 4648E5E325FA4DAE00DC1703;
			remoteInfo = "Favorite Memories";
		};
/* End PBXContainerItemProxy section */

/* Begin PBXFileReference section */
		461016C22602975100D2CC43 /* PhotosListTableView.swift */ = {isa = PBXFileReference; lastKnownFileType = sourcecode.swift; path = PhotosListTableView.swift; sourceTree = "<group>"; };
		461016C726029A1200D2CC43 /* PhotoViewModel.swift */ = {isa = PBXFileReference; lastKnownFileType = sourcecode.swift; path = PhotoViewModel.swift; sourceTree = "<group>"; };
		4639D6A12607D7850024A0DF /* DocumentsHelper.swift */ = {isa = PBXFileReference; lastKnownFileType = sourcecode.swift; path = DocumentsHelper.swift; sourceTree = "<group>"; };
		4639D6AF2607E9210024A0DF /* ImageScrollView.swift */ = {isa = PBXFileReference; lastKnownFileType = sourcecode.swift; path = ImageScrollView.swift; sourceTree = "<group>"; };
		4648E5E425FA4DAE00DC1703 /* Favorite Memories.app */ = {isa = PBXFileReference; explicitFileType = wrapper.application; includeInIndex = 0; path = "Favorite Memories.app"; sourceTree = BUILT_PRODUCTS_DIR; };
		4648E5E725FA4DAE00DC1703 /* AppDelegate.swift */ = {isa = PBXFileReference; lastKnownFileType = sourcecode.swift; path = AppDelegate.swift; sourceTree = "<group>"; };
		4648E5E925FA4DAE00DC1703 /* SceneDelegate.swift */ = {isa = PBXFileReference; lastKnownFileType = sourcecode.swift; path = SceneDelegate.swift; sourceTree = "<group>"; };
		4648E5EE25FA4DAE00DC1703 /* Base */ = {isa = PBXFileReference; lastKnownFileType = file.storyboard; name = Base; path = Base.lproj/Main.storyboard; sourceTree = "<group>"; };
		4648E5F125FA4DAE00DC1703 /* Favorite_Memories.xcdatamodel */ = {isa = PBXFileReference; lastKnownFileType = wrapper.xcdatamodel; path = Favorite_Memories.xcdatamodel; sourceTree = "<group>"; };
		4648E5F325FA4DAF00DC1703 /* Assets.xcassets */ = {isa = PBXFileReference; lastKnownFileType = folder.assetcatalog; path = Assets.xcassets; sourceTree = "<group>"; };
		4648E5F625FA4DAF00DC1703 /* Base */ = {isa = PBXFileReference; lastKnownFileType = file.storyboard; name = Base; path = Base.lproj/LaunchScreen.storyboard; sourceTree = "<group>"; };
		4648E5F825FA4DAF00DC1703 /* Info.plist */ = {isa = PBXFileReference; lastKnownFileType = text.plist.xml; path = Info.plist; sourceTree = "<group>"; };
		4648E5FD25FA4DAF00DC1703 /* Favorite MemoriesTests.xctest */ = {isa = PBXFileReference; explicitFileType = wrapper.cfbundle; includeInIndex = 0; path = "Favorite MemoriesTests.xctest"; sourceTree = BUILT_PRODUCTS_DIR; };
		4648E60325FA4DAF00DC1703 /* Info.plist */ = {isa = PBXFileReference; lastKnownFileType = text.plist.xml; path = Info.plist; sourceTree = "<group>"; };
		4648E60825FA4DAF00DC1703 /* Favorite MemoriesUITests.xctest */ = {isa = PBXFileReference; explicitFileType = wrapper.cfbundle; includeInIndex = 0; path = "Favorite MemoriesUITests.xctest"; sourceTree = BUILT_PRODUCTS_DIR; };
		4648E60C25FA4DAF00DC1703 /* Favorite_MemoriesUITests.swift */ = {isa = PBXFileReference; lastKnownFileType = sourcecode.swift; path = Favorite_MemoriesUITests.swift; sourceTree = "<group>"; };
		4648E60E25FA4DAF00DC1703 /* Info.plist */ = {isa = PBXFileReference; lastKnownFileType = text.plist.xml; path = Info.plist; sourceTree = "<group>"; };
		4648E62425FA4E3300DC1703 /* WebService.swift */ = {isa = PBXFileReference; lastKnownFileType = sourcecode.swift; path = WebService.swift; sourceTree = "<group>"; };
		4648E62C25FA4F2D00DC1703 /* UIExtensions.swift */ = {isa = PBXFileReference; lastKnownFileType = sourcecode.swift; path = UIExtensions.swift; sourceTree = "<group>"; };
		4648E65E25FA5B0500DC1703 /* AlbumCell.swift */ = {isa = PBXFileReference; lastKnownFileType = sourcecode.swift; path = AlbumCell.swift; sourceTree = "<group>"; };
		4648E66725FA5D7000DC1703 /* AlbumsCollection.swift */ = {isa = PBXFileReference; lastKnownFileType = sourcecode.swift; path = AlbumsCollection.swift; sourceTree = "<group>"; };
		4652582E2609D39B0024FA1B /* CoreDataCRUDTests.swift */ = {isa = PBXFileReference; lastKnownFileType = sourcecode.swift; path = CoreDataCRUDTests.swift; sourceTree = "<group>"; };
		4653D19525FBA4CA00419205 /* DatabaseService.swift */ = {isa = PBXFileReference; lastKnownFileType = sourcecode.swift; path = DatabaseService.swift; sourceTree = "<group>"; };
		4687541326076E2C000C9A95 /* PhotoView.swift */ = {isa = PBXFileReference; lastKnownFileType = sourcecode.swift; path = PhotoView.swift; sourceTree = "<group>"; };
		4695393B26091FF20071CF0E /* DatabaseServiceUnitTests.swift */ = {isa = PBXFileReference; lastKnownFileType = sourcecode.swift; path = DatabaseServiceUnitTests.swift; sourceTree = "<group>"; };
		469BEB3E26008C1900D61249 /* Album.xib */ = {isa = PBXFileReference; lastKnownFileType = file.xib; path = Album.xib; sourceTree = "<group>"; };
		469BEB44260091D600D61249 /* AlbumViewModel.swift */ = {isa = PBXFileReference; lastKnownFileType = sourcecode.swift; path = AlbumViewModel.swift; sourceTree = "<group>"; };
		469BEB6626009DB700D61249 /* WebServiceError.swift */ = {isa = PBXFileReference; lastKnownFileType = sourcecode.swift; path = WebServiceError.swift; sourceTree = "<group>"; };
		46A9C8DF2604CFD800B2916C /* Albums+CoreDataClass.swift */ = {isa = PBXFileReference; lastKnownFileType = sourcecode.swift; name = "Albums+CoreDataClass.swift"; path = "../../Albums+CoreDataClass.swift"; sourceTree = "<group>"; };
		46A9C8E02604CFD800B2916C /* Albums+CoreDataProperties.swift */ = {isa = PBXFileReference; lastKnownFileType = sourcecode.swift; name = "Albums+CoreDataProperties.swift"; path = "../../Albums+CoreDataProperties.swift"; sourceTree = "<group>"; };
		46CCFE1826029B73005F01EA /* Photos+CoreDataProperties.swift */ = {isa = PBXFileReference; fileEncoding = 4; lastKnownFileType = sourcecode.swift; path = "Photos+CoreDataProperties.swift"; sourceTree = "<group>"; };
		46CCFE1926029B73005F01EA /* Photos+CoreDataClass.swift */ = {isa = PBXFileReference; fileEncoding = 4; lastKnownFileType = sourcecode.swift; path = "Photos+CoreDataClass.swift"; sourceTree = "<group>"; };
		46CCFE2526029C9B005F01EA /* Photo.xib */ = {isa = PBXFileReference; lastKnownFileType = file.xib; path = Photo.xib; sourceTree = "<group>"; };
		46CCFE2A26029DFE005F01EA /* PhotoCell.swift */ = {isa = PBXFileReference; lastKnownFileType = sourcecode.swift; path = PhotoCell.swift; sourceTree = "<group>"; };
		46EEB5982608D54B00F99817 /* EmptyListView.swift */ = {isa = PBXFileReference; lastKnownFileType = sourcecode.swift; path = EmptyListView.swift; sourceTree = "<group>"; };
		46EEB59D2608D5AB00F99817 /* EmptyList.xib */ = {isa = PBXFileReference; lastKnownFileType = file.xib; path = EmptyList.xib; sourceTree = "<group>"; };
		46EEB5A52608DAB000F99817 /* Consts.swift */ = {isa = PBXFileReference; lastKnownFileType = sourcecode.swift; path = Consts.swift; sourceTree = "<group>"; };
/* End PBXFileReference section */

/* Begin PBXFrameworksBuildPhase section */
		4648E5E125FA4DAE00DC1703 /* Frameworks */ = {
			isa = PBXFrameworksBuildPhase;
			buildActionMask = 2147483647;
			files = (
			);
			runOnlyForDeploymentPostprocessing = 0;
		};
		4648E5FA25FA4DAF00DC1703 /* Frameworks */ = {
			isa = PBXFrameworksBuildPhase;
			buildActionMask = 2147483647;
			files = (
			);
			runOnlyForDeploymentPostprocessing = 0;
		};
		4648E60525FA4DAF00DC1703 /* Frameworks */ = {
			isa = PBXFrameworksBuildPhase;
			buildActionMask = 2147483647;
			files = (
			);
			runOnlyForDeploymentPostprocessing = 0;
		};
/* End PBXFrameworksBuildPhase section */

/* Begin PBXGroup section */
		4639D6AE2607E8F60024A0DF /* Custom Views */ = {
			isa = PBXGroup;
			children = (
				4639D6AF2607E9210024A0DF /* ImageScrollView.swift */,
				46EEB5982608D54B00F99817 /* EmptyListView.swift */,
			);
			path = "Custom Views";
			sourceTree = "<group>";
		};
		4648E5DB25FA4DAE00DC1703 = {
			isa = PBXGroup;
			children = (
				4648E5E625FA4DAE00DC1703 /* Favorite Memories */,
				4648E60025FA4DAF00DC1703 /* Favorite MemoriesTests */,
				4648E60B25FA4DAF00DC1703 /* Favorite MemoriesUITests */,
				4648E5E525FA4DAE00DC1703 /* Products */,
			);
			sourceTree = "<group>";
		};
		4648E5E525FA4DAE00DC1703 /* Products */ = {
			isa = PBXGroup;
			children = (
				4648E5E425FA4DAE00DC1703 /* Favorite Memories.app */,
				4648E5FD25FA4DAF00DC1703 /* Favorite MemoriesTests.xctest */,
				4648E60825FA4DAF00DC1703 /* Favorite MemoriesUITests.xctest */,
			);
			name = Products;
			sourceTree = "<group>";
		};
		4648E5E625FA4DAE00DC1703 /* Favorite Memories */ = {
			isa = PBXGroup;
			children = (
				4648E5E725FA4DAE00DC1703 /* AppDelegate.swift */,
				4648E5F325FA4DAF00DC1703 /* Assets.xcassets */,
				4648E63C25FA508E00DC1703 /* DB */,
				4648E5F025FA4DAE00DC1703 /* Favorite_Memories.xcdatamodeld */,
				4648E65625FA588E00DC1703 /* Helpers */,
				4648E5F825FA4DAF00DC1703 /* Info.plist */,
				4648E5F525FA4DAF00DC1703 /* LaunchScreen.storyboard */,
				4648E5ED25FA4DAE00DC1703 /* Main.storyboard */,
				4648E5E925FA4DAE00DC1703 /* SceneDelegate.swift */,
				4648E62325FA4E2500DC1703 /* Services */,
				469BEB43260091BC00D61249 /* ViewModels */,
				4648E65125FA57EA00DC1703 /* Views */,
			);
			path = "Favorite Memories";
			sourceTree = "<group>";
		};
		4648E60025FA4DAF00DC1703 /* Favorite MemoriesTests */ = {
			isa = PBXGroup;
			children = (
				4648E60325FA4DAF00DC1703 /* Info.plist */,
				4695393B26091FF20071CF0E /* DatabaseServiceUnitTests.swift */,
				4652582E2609D39B0024FA1B /* CoreDataCRUDTests.swift */,
			);
			path = "Favorite MemoriesTests";
			sourceTree = "<group>";
		};
		4648E60B25FA4DAF00DC1703 /* Favorite MemoriesUITests */ = {
			isa = PBXGroup;
			children = (
				4648E60C25FA4DAF00DC1703 /* Favorite_MemoriesUITests.swift */,
				4648E60E25FA4DAF00DC1703 /* Info.plist */,
			);
			path = "Favorite MemoriesUITests";
			sourceTree = "<group>";
		};
		4648E62325FA4E2500DC1703 /* Services */ = {
			isa = PBXGroup;
			children = (
				4648E62425FA4E3300DC1703 /* WebService.swift */,
				4653D19525FBA4CA00419205 /* DatabaseService.swift */,
			);
			path = Services;
			sourceTree = "<group>";
		};
		4648E63C25FA508E00DC1703 /* DB */ = {
			isa = PBXGroup;
			children = (
				46A9C8DF2604CFD800B2916C /* Albums+CoreDataClass.swift */,
				46A9C8E02604CFD800B2916C /* Albums+CoreDataProperties.swift */,
				46CCFE1926029B73005F01EA /* Photos+CoreDataClass.swift */,
				46CCFE1826029B73005F01EA /* Photos+CoreDataProperties.swift */,
			);
			path = DB;
			sourceTree = "<group>";
		};
		4648E65125FA57EA00DC1703 /* Views */ = {
			isa = PBXGroup;
			children = (
				4639D6AE2607E8F60024A0DF /* Custom Views */,
				469BEB3D26008C0800D61249 /* Xibs */,
				4648E66625FA5D5B00DC1703 /* VC */,
				4648E65D25FA5AF000DC1703 /* ViewCells */,
			);
			path = Views;
			sourceTree = "<group>";
		};
		4648E65625FA588E00DC1703 /* Helpers */ = {
			isa = PBXGroup;
			children = (
				4648E62C25FA4F2D00DC1703 /* UIExtensions.swift */,
				469BEB6626009DB700D61249 /* WebServiceError.swift */,
				4639D6A12607D7850024A0DF /* DocumentsHelper.swift */,
				46EEB5A52608DAB000F99817 /* Consts.swift */,
			);
			path = Helpers;
			sourceTree = "<group>";
		};
		4648E65D25FA5AF000DC1703 /* ViewCells */ = {
			isa = PBXGroup;
			children = (
				4648E65E25FA5B0500DC1703 /* AlbumCell.swift */,
				46CCFE2A26029DFE005F01EA /* PhotoCell.swift */,
			);
			path = ViewCells;
			sourceTree = "<group>";
		};
		4648E66625FA5D5B00DC1703 /* VC */ = {
			isa = PBXGroup;
			children = (
				4648E66725FA5D7000DC1703 /* AlbumsCollection.swift */,
				461016C22602975100D2CC43 /* PhotosListTableView.swift */,
				4687541326076E2C000C9A95 /* PhotoView.swift */,
			);
			path = VC;
			sourceTree = "<group>";
		};
		469BEB3D26008C0800D61249 /* Xibs */ = {
			isa = PBXGroup;
			children = (
				469BEB3E26008C1900D61249 /* Album.xib */,
				46CCFE2526029C9B005F01EA /* Photo.xib */,
				46EEB59D2608D5AB00F99817 /* EmptyList.xib */,
			);
			path = Xibs;
			sourceTree = "<group>";
		};
		469BEB43260091BC00D61249 /* ViewModels */ = {
			isa = PBXGroup;
			children = (
				469BEB44260091D600D61249 /* AlbumViewModel.swift */,
				461016C726029A1200D2CC43 /* PhotoViewModel.swift */,
			);
			path = ViewModels;
			sourceTree = "<group>";
		};
/* End PBXGroup section */

/* Begin PBXNativeTarget section */
		4648E5E325FA4DAE00DC1703 /* Favorite Memories */ = {
			isa = PBXNativeTarget;
			buildConfigurationList = 4648E61125FA4DAF00DC1703 /* Build configuration list for PBXNativeTarget "Favorite Memories" */;
			buildPhases = (
				4648E5E025FA4DAE00DC1703 /* Sources */,
				4648E5E125FA4DAE00DC1703 /* Frameworks */,
				4648E5E225FA4DAE00DC1703 /* Resources */,
			);
			buildRules = (
			);
			dependencies = (
			);
			name = "Favorite Memories";
			productName = "Favorite Memories";
			productReference = 4648E5E425FA4DAE00DC1703 /* Favorite Memories.app */;
			productType = "com.apple.product-type.application";
		};
		4648E5FC25FA4DAF00DC1703 /* Favorite MemoriesTests */ = {
			isa = PBXNativeTarget;
			buildConfigurationList = 4648E61425FA4DAF00DC1703 /* Build configuration list for PBXNativeTarget "Favorite MemoriesTests" */;
			buildPhases = (
				4648E5F925FA4DAF00DC1703 /* Sources */,
				4648E5FA25FA4DAF00DC1703 /* Frameworks */,
				4648E5FB25FA4DAF00DC1703 /* Resources */,
			);
			buildRules = (
			);
			dependencies = (
				4648E5FF25FA4DAF00DC1703 /* PBXTargetDependency */,
			);
			name = "Favorite MemoriesTests";
			productName = "Favorite MemoriesTests";
			productReference = 4648E5FD25FA4DAF00DC1703 /* Favorite MemoriesTests.xctest */;
			productType = "com.apple.product-type.bundle.unit-test";
		};
		4648E60725FA4DAF00DC1703 /* Favorite MemoriesUITests */ = {
			isa = PBXNativeTarget;
			buildConfigurationList = 4648E61725FA4DAF00DC1703 /* Build configuration list for PBXNativeTarget "Favorite MemoriesUITests" */;
			buildPhases = (
				4648E60425FA4DAF00DC1703 /* Sources */,
				4648E60525FA4DAF00DC1703 /* Frameworks */,
				4648E60625FA4DAF00DC1703 /* Resources */,
			);
			buildRules = (
			);
			dependencies = (
				4648E60A25FA4DAF00DC1703 /* PBXTargetDependency */,
			);
			name = "Favorite MemoriesUITests";
			productName = "Favorite MemoriesUITests";
			productReference = 4648E60825FA4DAF00DC1703 /* Favorite MemoriesUITests.xctest */;
			productType = "com.apple.product-type.bundle.ui-testing";
		};
/* End PBXNativeTarget section */

/* Begin PBXProject section */
		4648E5DC25FA4DAE00DC1703 /* Project object */ = {
			isa = PBXProject;
			attributes = {
				LastSwiftUpdateCheck = 1240;
				LastUpgradeCheck = 1240;
				TargetAttributes = {
					4648E5E325FA4DAE00DC1703 = {
						CreatedOnToolsVersion = 12.4;
					};
					4648E5FC25FA4DAF00DC1703 = {
						CreatedOnToolsVersion = 12.4;
						LastSwiftMigration = 1240;
						TestTargetID = 4648E5E325FA4DAE00DC1703;
					};
					4648E60725FA4DAF00DC1703 = {
						CreatedOnToolsVersion = 12.4;
						TestTargetID = 4648E5E325FA4DAE00DC1703;
					};
				};
			};
			buildConfigurationList = 4648E5DF25FA4DAE00DC1703 /* Build configuration list for PBXProject "Favorite Memories" */;
			compatibilityVersion = "Xcode 9.3";
			developmentRegion = en;
			hasScannedForEncodings = 0;
			knownRegions = (
				en,
				Base,
			);
			mainGroup = 4648E5DB25FA4DAE00DC1703;
			productRefGroup = 4648E5E525FA4DAE00DC1703 /* Products */;
			projectDirPath = "";
			projectRoot = "";
			targets = (
				4648E5E325FA4DAE00DC1703 /* Favorite Memories */,
				4648E5FC25FA4DAF00DC1703 /* Favorite MemoriesTests */,
				4648E60725FA4DAF00DC1703 /* Favorite MemoriesUITests */,
			);
		};
/* End PBXProject section */

/* Begin PBXResourcesBuildPhase section */
		4648E5E225FA4DAE00DC1703 /* Resources */ = {
			isa = PBXResourcesBuildPhase;
			buildActionMask = 2147483647;
			files = (
				4648E5F725FA4DAF00DC1703 /* LaunchScreen.storyboard in Resources */,
				4648E5F425FA4DAF00DC1703 /* Assets.xcassets in Resources */,
				4648E5EF25FA4DAE00DC1703 /* Main.storyboard in Resources */,
				469BEB3F26008C1900D61249 /* Album.xib in Resources */,
				46EEB59E2608D5AB00F99817 /* EmptyList.xib in Resources */,
				46CCFE2626029C9B005F01EA /* Photo.xib in Resources */,
			);
			runOnlyForDeploymentPostprocessing = 0;
		};
		4648E5FB25FA4DAF00DC1703 /* Resources */ = {
			isa = PBXResourcesBuildPhase;
			buildActionMask = 2147483647;
			files = (
			);
			runOnlyForDeploymentPostprocessing = 0;
		};
		4648E60625FA4DAF00DC1703 /* Resources */ = {
			isa = PBXResourcesBuildPhase;
			buildActionMask = 2147483647;
			files = (
			);
			runOnlyForDeploymentPostprocessing = 0;
		};
/* End PBXResourcesBuildPhase section */

/* Begin PBXSourcesBuildPhase section */
		4648E5E025FA4DAE00DC1703 /* Sources */ = {
			isa = PBXSourcesBuildPhase;
			buildActionMask = 2147483647;
			files = (
				4648E66825FA5D7000DC1703 /* AlbumsCollection.swift in Sources */,
				461016C32602975100D2CC43 /* PhotosListTableView.swift in Sources */,
				46EEB5992608D54B00F99817 /* EmptyListView.swift in Sources */,
				46CCFE1C26029B73005F01EA /* Photos+CoreDataProperties.swift in Sources */,
				4687541426076E2C000C9A95 /* PhotoView.swift in Sources */,
				4648E5E825FA4DAE00DC1703 /* AppDelegate.swift in Sources */,
				461016C826029A1200D2CC43 /* PhotoViewModel.swift in Sources */,
				46CCFE2B26029DFE005F01EA /* PhotoCell.swift in Sources */,
				4648E5F225FA4DAE00DC1703 /* Favorite_Memories.xcdatamodeld in Sources */,
				4648E62D25FA4F2D00DC1703 /* UIExtensions.swift in Sources */,
				4648E62525FA4E3300DC1703 /* WebService.swift in Sources */,
				469BEB45260091D600D61249 /* AlbumViewModel.swift in Sources */,
				4653D19625FBA4CB00419205 /* DatabaseService.swift in Sources */,
				46A9C8E12604CFD800B2916C /* Albums+CoreDataClass.swift in Sources */,
				46CCFE1D26029B73005F01EA /* Photos+CoreDataClass.swift in Sources */,
				4648E5EA25FA4DAE00DC1703 /* SceneDelegate.swift in Sources */,
				46A9C8E22604CFD800B2916C /* Albums+CoreDataProperties.swift in Sources */,
				4648E65F25FA5B0500DC1703 /* AlbumCell.swift in Sources */,
				4639D6B02607E9210024A0DF /* ImageScrollView.swift in Sources */,
				46EEB5A62608DAB000F99817 /* Consts.swift in Sources */,
				469BEB6726009DB700D61249 /* WebServiceError.swift in Sources */,
				4639D6A22607D7850024A0DF /* DocumentsHelper.swift in Sources */,
			);
			runOnlyForDeploymentPostprocessing = 0;
		};
		4648E5F925FA4DAF00DC1703 /* Sources */ = {
			isa = PBXSourcesBuildPhase;
			buildActionMask = 2147483647;
			files = (
				4652582F2609D39B0024FA1B /* CoreDataCRUDTests.swift in Sources */,
				4695393C26091FF20071CF0E /* DatabaseServiceUnitTests.swift in Sources */,
			);
			runOnlyForDeploymentPostprocessing = 0;
		};
		4648E60425FA4DAF00DC1703 /* Sources */ = {
			isa = PBXSourcesBuildPhase;
			buildActionMask = 2147483647;
			files = (
				4648E60D25FA4DAF00DC1703 /* Favorite_MemoriesUITests.swift in Sources */,
			);
			runOnlyForDeploymentPostprocessing = 0;
		};
/* End PBXSourcesBuildPhase section */

/* Begin PBXTargetDependency section */
		4648E5FF25FA4DAF00DC1703 /* PBXTargetDependency */ = {
			isa = PBXTargetDependency;
			target = 4648E5E325FA4DAE00DC1703 /* Favorite Memories */;
			targetProxy = 4648E5FE25FA4DAF00DC1703 /* PBXContainerItemProxy */;
		};
		4648E60A25FA4DAF00DC1703 /* PBXTargetDependency */ = {
			isa = PBXTargetDependency;
			target = 4648E5E325FA4DAE00DC1703 /* Favorite Memories */;
			targetProxy = 4648E60925FA4DAF00DC1703 /* PBXContainerItemProxy */;
		};
/* End PBXTargetDependency section */

/* Begin PBXVariantGroup section */
		4648E5ED25FA4DAE00DC1703 /* Main.storyboard */ = {
			isa = PBXVariantGroup;
			children = (
				4648E5EE25FA4DAE00DC1703 /* Base */,
			);
			name = Main.storyboard;
			sourceTree = "<group>";
		};
		4648E5F525FA4DAF00DC1703 /* LaunchScreen.storyboard */ = {
			isa = PBXVariantGroup;
			children = (
				4648E5F625FA4DAF00DC1703 /* Base */,
			);
			name = LaunchScreen.storyboard;
			sourceTree = "<group>";
		};
/* End PBXVariantGroup section */

/* Begin XCBuildConfiguration section */
		4648E60F25FA4DAF00DC1703 /* Debug */ = {
			isa = XCBuildConfiguration;
			buildSettings = {
				ALWAYS_SEARCH_USER_PATHS = NO;
				CLANG_ANALYZER_NONNULL = YES;
				CLANG_ANALYZER_NUMBER_OBJECT_CONVERSION = YES_AGGRESSIVE;
				CLANG_CXX_LANGUAGE_STANDARD = "gnu++14";
				CLANG_CXX_LIBRARY = "libc++";
				CLANG_ENABLE_MODULES = YES;
				CLANG_ENABLE_OBJC_ARC = YES;
				CLANG_ENABLE_OBJC_WEAK = YES;
				CLANG_WARN_BLOCK_CAPTURE_AUTORELEASING = YES;
				CLANG_WARN_BOOL_CONVERSION = YES;
				CLANG_WARN_COMMA = YES;
				CLANG_WARN_CONSTANT_CONVERSION = YES;
				CLANG_WARN_DEPRECATED_OBJC_IMPLEMENTATIONS = YES;
				CLANG_WARN_DIRECT_OBJC_ISA_USAGE = YES_ERROR;
				CLANG_WARN_DOCUMENTATION_COMMENTS = YES;
				CLANG_WARN_EMPTY_BODY = YES;
				CLANG_WARN_ENUM_CONVERSION = YES;
				CLANG_WARN_INFINITE_RECURSION = YES;
				CLANG_WARN_INT_CONVERSION = YES;
				CLANG_WARN_NON_LITERAL_NULL_CONVERSION = YES;
				CLANG_WARN_OBJC_IMPLICIT_RETAIN_SELF = YES;
				CLANG_WARN_OBJC_LITERAL_CONVERSION = YES;
				CLANG_WARN_OBJC_ROOT_CLASS = YES_ERROR;
				CLANG_WARN_QUOTED_INCLUDE_IN_FRAMEWORK_HEADER = YES;
				CLANG_WARN_RANGE_LOOP_ANALYSIS = YES;
				CLANG_WARN_STRICT_PROTOTYPES = YES;
				CLANG_WARN_SUSPICIOUS_MOVE = YES;
				CLANG_WARN_UNGUARDED_AVAILABILITY = YES_AGGRESSIVE;
				CLANG_WARN_UNREACHABLE_CODE = YES;
				CLANG_WARN__DUPLICATE_METHOD_MATCH = YES;
				COPY_PHASE_STRIP = NO;
				DEBUG_INFORMATION_FORMAT = dwarf;
				ENABLE_STRICT_OBJC_MSGSEND = YES;
				ENABLE_TESTABILITY = YES;
				GCC_C_LANGUAGE_STANDARD = gnu11;
				GCC_DYNAMIC_NO_PIC = NO;
				GCC_NO_COMMON_BLOCKS = YES;
				GCC_OPTIMIZATION_LEVEL = 0;
				GCC_PREPROCESSOR_DEFINITIONS = (
					"DEBUG=1",
					"$(inherited)",
				);
				GCC_WARN_64_TO_32_BIT_CONVERSION = YES;
				GCC_WARN_ABOUT_RETURN_TYPE = YES_ERROR;
				GCC_WARN_UNDECLARED_SELECTOR = YES;
				GCC_WARN_UNINITIALIZED_AUTOS = YES_AGGRESSIVE;
				GCC_WARN_UNUSED_FUNCTION = YES;
				GCC_WARN_UNUSED_VARIABLE = YES;
				IPHONEOS_DEPLOYMENT_TARGET = 13.0;
				MTL_ENABLE_DEBUG_INFO = INCLUDE_SOURCE;
				MTL_FAST_MATH = YES;
				ONLY_ACTIVE_ARCH = YES;
				SDKROOT = iphoneos;
				SWIFT_ACTIVE_COMPILATION_CONDITIONS = DEBUG;
				SWIFT_OPTIMIZATION_LEVEL = "-Onone";
			};
			name = Debug;
		};
		4648E61025FA4DAF00DC1703 /* Release */ = {
			isa = XCBuildConfiguration;
			buildSettings = {
				ALWAYS_SEARCH_USER_PATHS = NO;
				CLANG_ANALYZER_NONNULL = YES;
				CLANG_ANALYZER_NUMBER_OBJECT_CONVERSION = YES_AGGRESSIVE;
				CLANG_CXX_LANGUAGE_STANDARD = "gnu++14";
				CLANG_CXX_LIBRARY = "libc++";
				CLANG_ENABLE_MODULES = YES;
				CLANG_ENABLE_OBJC_ARC = YES;
				CLANG_ENABLE_OBJC_WEAK = YES;
				CLANG_WARN_BLOCK_CAPTURE_AUTORELEASING = YES;
				CLANG_WARN_BOOL_CONVERSION = YES;
				CLANG_WARN_COMMA = YES;
				CLANG_WARN_CONSTANT_CONVERSION = YES;
				CLANG_WARN_DEPRECATED_OBJC_IMPLEMENTATIONS = YES;
				CLANG_WARN_DIRECT_OBJC_ISA_USAGE = YES_ERROR;
				CLANG_WARN_DOCUMENTATION_COMMENTS = YES;
				CLANG_WARN_EMPTY_BODY = YES;
				CLANG_WARN_ENUM_CONVERSION = YES;
				CLANG_WARN_INFINITE_RECURSION = YES;
				CLANG_WARN_INT_CONVERSION = YES;
				CLANG_WARN_NON_LITERAL_NULL_CONVERSION = YES;
				CLANG_WARN_OBJC_IMPLICIT_RETAIN_SELF = YES;
				CLANG_WARN_OBJC_LITERAL_CONVERSION = YES;
				CLANG_WARN_OBJC_ROOT_CLASS = YES_ERROR;
				CLANG_WARN_QUOTED_INCLUDE_IN_FRAMEWORK_HEADER = YES;
				CLANG_WARN_RANGE_LOOP_ANALYSIS = YES;
				CLANG_WARN_STRICT_PROTOTYPES = YES;
				CLANG_WARN_SUSPICIOUS_MOVE = YES;
				CLANG_WARN_UNGUARDED_AVAILABILITY = YES_AGGRESSIVE;
				CLANG_WARN_UNREACHABLE_CODE = YES;
				CLANG_WARN__DUPLICATE_METHOD_MATCH = YES;
				COPY_PHASE_STRIP = NO;
				DEBUG_INFORMATION_FORMAT = "dwarf-with-dsym";
				ENABLE_NS_ASSERTIONS = NO;
				ENABLE_STRICT_OBJC_MSGSEND = YES;
				GCC_C_LANGUAGE_STANDARD = gnu11;
				GCC_NO_COMMON_BLOCKS = YES;
				GCC_WARN_64_TO_32_BIT_CONVERSION = YES;
				GCC_WARN_ABOUT_RETURN_TYPE = YES_ERROR;
				GCC_WARN_UNDECLARED_SELECTOR = YES;
				GCC_WARN_UNINITIALIZED_AUTOS = YES_AGGRESSIVE;
				GCC_WARN_UNUSED_FUNCTION = YES;
				GCC_WARN_UNUSED_VARIABLE = YES;
				IPHONEOS_DEPLOYMENT_TARGET = 13.0;
				MTL_ENABLE_DEBUG_INFO = NO;
				MTL_FAST_MATH = YES;
				SDKROOT = iphoneos;
				SWIFT_COMPILATION_MODE = wholemodule;
				SWIFT_OPTIMIZATION_LEVEL = "-O";
				VALIDATE_PRODUCT = YES;
			};
			name = Release;
		};
		4648E61225FA4DAF00DC1703 /* Debug */ = {
			isa = XCBuildConfiguration;
			buildSettings = {
				ASSETCATALOG_COMPILER_APPICON_NAME = AppIcon;
				ASSETCATALOG_COMPILER_GLOBAL_ACCENT_COLOR_NAME = AccentColor;
				CODE_SIGN_STYLE = Automatic;
				DEVELOPMENT_TEAM = 7BS7VD55S5;
				INFOPLIST_FILE = "Favorite Memories/Info.plist";
				LD_RUNPATH_SEARCH_PATHS = (
					"$(inherited)",
					"@executable_path/Frameworks",
				);
				PRODUCT_BUNDLE_IDENTIFIER = "stavros.tsikinas.Favorite-Memories";
				PRODUCT_NAME = "$(TARGET_NAME)";
				SWIFT_VERSION = 5.0;
				TARGETED_DEVICE_FAMILY = "1,2";
			};
			name = Debug;
		};
		4648E61325FA4DAF00DC1703 /* Release */ = {
			isa = XCBuildConfiguration;
			buildSettings = {
				ASSETCATALOG_COMPILER_APPICON_NAME = AppIcon;
				ASSETCATALOG_COMPILER_GLOBAL_ACCENT_COLOR_NAME = AccentColor;
				CODE_SIGN_STYLE = Automatic;
				DEVELOPMENT_TEAM = 7BS7VD55S5;
				INFOPLIST_FILE = "Favorite Memories/Info.plist";
				LD_RUNPATH_SEARCH_PATHS = (
					"$(inherited)",
					"@executable_path/Frameworks",
				);
				PRODUCT_BUNDLE_IDENTIFIER = "stavros.tsikinas.Favorite-Memories";
				PRODUCT_NAME = "$(TARGET_NAME)";
				SWIFT_VERSION = 5.0;
				TARGETED_DEVICE_FAMILY = "1,2";
			};
			name = Release;
		};
		4648E61525FA4DAF00DC1703 /* Debug */ = {
			isa = XCBuildConfiguration;
			buildSettings = {
				ALWAYS_EMBED_SWIFT_STANDARD_LIBRARIES = YES;
				BUNDLE_LOADER = "$(TEST_HOST)";
				CLANG_ENABLE_MODULES = YES;
				CODE_SIGN_STYLE = Automatic;
				DEVELOPMENT_TEAM = 7BS7VD55S5;
				INFOPLIST_FILE = "Favorite MemoriesTests/Info.plist";
				IPHONEOS_DEPLOYMENT_TARGET = 14.4;
				LD_RUNPATH_SEARCH_PATHS = (
					"$(inherited)",
					"@executable_path/Frameworks",
					"@loader_path/Frameworks",
				);
				PRODUCT_BUNDLE_IDENTIFIER = "stavros.tsikinas.Favorite-MemoriesTests";
				PRODUCT_NAME = "$(TARGET_NAME)";
				SWIFT_OPTIMIZATION_LEVEL = "-Onone";
				SWIFT_VERSION = 5.0;
				TARGETED_DEVICE_FAMILY = "1,2";
				TEST_HOST = "$(BUILT_PRODUCTS_DIR)/Favorite Memories.app/Favorite Memories";
			};
			name = Debug;
		};
		4648E61625FA4DAF00DC1703 /* Release */ = {
			isa = XCBuildConfiguration;
			buildSettings = {
				ALWAYS_EMBED_SWIFT_STANDARD_LIBRARIES = YES;
				BUNDLE_LOADER = "$(TEST_HOST)";
				CLANG_ENABLE_MODULES = YES;
				CODE_SIGN_STYLE = Automatic;
				DEVELOPMENT_TEAM = 7BS7VD55S5;
				INFOPLIST_FILE = "Favorite MemoriesTests/Info.plist";
				IPHONEOS_DEPLOYMENT_TARGET = 14.4;
				LD_RUNPATH_SEARCH_PATHS = (
					"$(inherited)",
					"@executable_path/Frameworks",
					"@loader_path/Frameworks",
				);
				PRODUCT_BUNDLE_IDENTIFIER = "stavros.tsikinas.Favorite-MemoriesTests";
				PRODUCT_NAME = "$(TARGET_NAME)";
				SWIFT_VERSION = 5.0;
				TARGETED_DEVICE_FAMILY = "1,2";
				TEST_HOST = "$(BUILT_PRODUCTS_DIR)/Favorite Memories.app/Favorite Memories";
			};
			name = Release;
		};
		4648E61825FA4DAF00DC1703 /* Debug */ = {
			isa = XCBuildConfiguration;
			buildSettings = {
				ALWAYS_EMBED_SWIFT_STANDARD_LIBRARIES = YES;
				CODE_SIGN_STYLE = Automatic;
				DEVELOPMENT_TEAM = 7BS7VD55S5;
				INFOPLIST_FILE = "Favorite MemoriesUITests/Info.plist";
				LD_RUNPATH_SEARCH_PATHS = (
					"$(inherited)",
					"@executable_path/Frameworks",
					"@loader_path/Frameworks",
				);
				PRODUCT_BUNDLE_IDENTIFIER = "stavros.tsikinas.Favorite-MemoriesUITests";
				PRODUCT_NAME = "$(TARGET_NAME)";
				SWIFT_VERSION = 5.0;
				TARGETED_DEVICE_FAMILY = "1,2";
				TEST_TARGET_NAME = "Favorite Memories";
			};
			name = Debug;
		};
		4648E61925FA4DAF00DC1703 /* Release */ = {
			isa = XCBuildConfiguration;
			buildSettings = {
				ALWAYS_EMBED_SWIFT_STANDARD_LIBRARIES = YES;
				CODE_SIGN_STYLE = Automatic;
				DEVELOPMENT_TEAM = 7BS7VD55S5;
				INFOPLIST_FILE = "Favorite MemoriesUITests/Info.plist";
				LD_RUNPATH_SEARCH_PATHS = (
					"$(inherited)",
					"@executable_path/Frameworks",
					"@loader_path/Frameworks",
				);
				PRODUCT_BUNDLE_IDENTIFIER = "stavros.tsikinas.Favorite-MemoriesUITests";
				PRODUCT_NAME = "$(TARGET_NAME)";
				SWIFT_VERSION = 5.0;
				TARGETED_DEVICE_FAMILY = "1,2";
				TEST_TARGET_NAME = "Favorite Memories";
			};
			name = Release;
		};
/* End XCBuildConfiguration section */

/* Begin XCConfigurationList section */
		4648E5DF25FA4DAE00DC1703 /* Build configuration list for PBXProject "Favorite Memories" */ = {
			isa = XCConfigurationList;
			buildConfigurations = (
				4648E60F25FA4DAF00DC1703 /* Debug */,
				4648E61025FA4DAF00DC1703 /* Release */,
			);
			defaultConfigurationIsVisible = 0;
			defaultConfigurationName = Release;
		};
		4648E61125FA4DAF00DC1703 /* Build configuration list for PBXNativeTarget "Favorite Memories" */ = {
			isa = XCConfigurationList;
			buildConfigurations = (
				4648E61225FA4DAF00DC1703 /* Debug */,
				4648E61325FA4DAF00DC1703 /* Release */,
			);
			defaultConfigurationIsVisible = 0;
			defaultConfigurationName = Release;
		};
		4648E61425FA4DAF00DC1703 /* Build configuration list for PBXNativeTarget "Favorite MemoriesTests" */ = {
			isa = XCConfigurationList;
			buildConfigurations = (
				4648E61525FA4DAF00DC1703 /* Debug */,
				4648E61625FA4DAF00DC1703 /* Release */,
			);
			defaultConfigurationIsVisible = 0;
			defaultConfigurationName = Release;
		};
		4648E61725FA4DAF00DC1703 /* Build configuration list for PBXNativeTarget "Favorite MemoriesUITests" */ = {
			isa = XCConfigurationList;
			buildConfigurations = (
				4648E61825FA4DAF00DC1703 /* Debug */,
				4648E61925FA4DAF00DC1703 /* Release */,
			);
			defaultConfigurationIsVisible = 0;
			defaultConfigurationName = Release;
		};
/* End XCConfigurationList section */

/* Begin XCVersionGroup section */
		4648E5F025FA4DAE00DC1703 /* Favorite_Memories.xcdatamodeld */ = {
			isa = XCVersionGroup;
			children = (
				4648E5F125FA4DAE00DC1703 /* Favorite_Memories.xcdatamodel */,
			);
			currentVersion = 4648E5F125FA4DAE00DC1703 /* Favorite_Memories.xcdatamodel */;
			path = Favorite_Memories.xcdatamodeld;
			sourceTree = "<group>";
			versionGroupType = wrapper.xcdatamodel;
		};
/* End XCVersionGroup section */
	};
	rootObject = 4648E5DC25FA4DAE00DC1703 /* Project object */;
}
